
Microsoft Visual Studio Solution File, Format Version 12.00
# Visual Studio Version 16
VisualStudioVersion = 16.0.31727.386
MinimumVisualStudioVersion = 10.0.40219.1
Project("{FAE04EC0-301F-11D3-BF4B-00C04F79EFBC}") = "TrainingWebApi", "TrainingWebApi\TrainingWebApi.csproj", "{62542B01-1C6B-449C-8104-23689407A867}"
EndProject
Global
	GlobalSection(SolutionConfigurationPlatforms) = preSolution
		Debug|Any CPU = Debug|Any CPU
		Release|Any CPU = Release|Any CPU
	EndGlobalSection
	GlobalSection(ProjectConfigurationPlatforms) = postSolution
		{62542B01-1C6B-449C-8104-23689407A867}.Debug|Any CPU.ActiveCfg = Debug|Any CPU
		{62542B01-1C6B-449C-8104-23689407A867}.Debug|Any CPU.Build.0 = Debug|Any CPU
		{62542B01-1C6B-449C-8104-23689407A867}.Release|Any CPU.ActiveCfg = Release|Any CPU
		{62542B01-1C6B-449C-8104-23689407A867}.Release|Any CPU.Build.0 = Release|Any CPU
	EndGlobalSection
	GlobalSection(SolutionProperties) = preSolution
		HideSolutionNode = FALSE
	EndGlobalSection
	GlobalSection(ExtensibilityGlobals) = postSolution
		SolutionGuid = {D1213D61-0B5F-4AB4-A863-65F15454708A}
	EndGlobalSection
EndGlobal
